
Microsoft Visual Studio Solution File, Format Version 12.00
# Visual Studio Version 16
VisualStudioVersion = 16.0.30309.148
MinimumVisualStudioVersion = 10.0.40219.1
Project("{FAE04EC0-301F-11D3-BF4B-00C04F79EFBC}") = "MDI設計", "MDI設計\MDI設計.csproj", "{983964D0-ABF0-4864-976A-017CBB96F543}"
EndProject
Global
	GlobalSection(SolutionConfigurationPlatforms) = preSolution
		Debug|Any CPU = Debug|Any CPU
		Release|Any CPU = Release|Any CPU
	EndGlobalSection
	GlobalSection(ProjectConfigurationPlatforms) = postSolution
		{983964D0-ABF0-4864-976A-017CBB96F543}.Debug|Any CPU.ActiveCfg = Debug|Any CPU
		{983964D0-ABF0-4864-976A-017CBB96F543}.Debug|Any CPU.Build.0 = Debug|Any CPU
		{983964D0-ABF0-4864-976A-017CBB96F543}.Release|Any CPU.ActiveCfg = Release|Any CPU
		{983964D0-ABF0-4864-976A-017CBB96F543}.Release|Any CPU.Build.0 = Release|Any CPU
	EndGlobalSection
	GlobalSection(SolutionProperties) = preSolution
		HideSolutionNode = FALSE
	EndGlobalSection
	GlobalSection(ExtensibilityGlobals) = postSolution
		SolutionGuid = {14862A43-F043-41FC-935D-5AE9F5E875F2}
	EndGlobalSection
EndGlobal
