
Microsoft Visual Studio Solution File, Format Version 12.00
# Visual Studio Version 16
VisualStudioVersion = 16.0.30309.148
MinimumVisualStudioVersion = 10.0.40219.1
Project("{FAE04EC0-301F-11D3-BF4B-00C04F79EFBC}") = "PictureBox練習2", "PictureBox練習2\PictureBox練習2.csproj", "{494E0F9A-9B80-48D7-A311-79A40553D1E4}"
EndProject
Global
	GlobalSection(SolutionConfigurationPlatforms) = preSolution
		Debug|Any CPU = Debug|Any CPU
		Release|Any CPU = Release|Any CPU
	EndGlobalSection
	GlobalSection(ProjectConfigurationPlatforms) = postSolution
		{494E0F9A-9B80-48D7-A311-79A40553D1E4}.Debug|Any CPU.ActiveCfg = Debug|Any CPU
		{494E0F9A-9B80-48D7-A311-79A40553D1E4}.Debug|Any CPU.Build.0 = Debug|Any CPU
		{494E0F9A-9B80-48D7-A311-79A40553D1E4}.Release|Any CPU.ActiveCfg = Release|Any CPU
		{494E0F9A-9B80-48D7-A311-79A40553D1E4}.Release|Any CPU.Build.0 = Release|Any CPU
	EndGlobalSection
	GlobalSection(SolutionProperties) = preSolution
		HideSolutionNode = FALSE
	EndGlobalSection
	GlobalSection(ExtensibilityGlobals) = postSolution
		SolutionGuid = {507A2F2D-036F-4B0F-8C14-3D187A5A0F6C}
	EndGlobalSection
EndGlobal
