
Microsoft Visual Studio Solution File, Format Version 12.00
# Visual Studio Version 16
VisualStudioVersion = 16.0.30309.148
MinimumVisualStudioVersion = 10.0.40219.1
Project("{FAE04EC0-301F-11D3-BF4B-00C04F79EFBC}") = "多選單選練習", "多選單選練習\多選單選練習.csproj", "{0BEECC50-FDA0-4924-B6B6-1E0AE6A81ECD}"
EndProject
Global
	GlobalSection(SolutionConfigurationPlatforms) = preSolution
		Debug|Any CPU = Debug|Any CPU
		Release|Any CPU = Release|Any CPU
	EndGlobalSection
	GlobalSection(ProjectConfigurationPlatforms) = postSolution
		{0BEECC50-FDA0-4924-B6B6-1E0AE6A81ECD}.Debug|Any CPU.ActiveCfg = Debug|Any CPU
		{0BEECC50-FDA0-4924-B6B6-1E0AE6A81ECD}.Debug|Any CPU.Build.0 = Debug|Any CPU
		{0BEECC50-FDA0-4924-B6B6-1E0AE6A81ECD}.Release|Any CPU.ActiveCfg = Release|Any CPU
		{0BEECC50-FDA0-4924-B6B6-1E0AE6A81ECD}.Release|Any CPU.Build.0 = Release|Any CPU
	EndGlobalSection
	GlobalSection(SolutionProperties) = preSolution
		HideSolutionNode = FALSE
	EndGlobalSection
	GlobalSection(ExtensibilityGlobals) = postSolution
		SolutionGuid = {5F5A581E-8B51-47A7-B0DB-7DFBAEDA3AD6}
	EndGlobalSection
EndGlobal
