
Microsoft Visual Studio Solution File, Format Version 12.00
# Visual Studio Version 16
VisualStudioVersion = 16.0.30309.148
MinimumVisualStudioVersion = 10.0.40219.1
Project("{FAE04EC0-301F-11D3-BF4B-00C04F79EFBC}") = "抽獎機(線程練習)", "抽獎機(線程練習)\抽獎機(線程練習).csproj", "{6CA1DE01-C23C-4E7A-A907-C4213E063E4B}"
EndProject
Global
	GlobalSection(SolutionConfigurationPlatforms) = preSolution
		Debug|Any CPU = Debug|Any CPU
		Release|Any CPU = Release|Any CPU
	EndGlobalSection
	GlobalSection(ProjectConfigurationPlatforms) = postSolution
		{6CA1DE01-C23C-4E7A-A907-C4213E063E4B}.Debug|Any CPU.ActiveCfg = Debug|Any CPU
		{6CA1DE01-C23C-4E7A-A907-C4213E063E4B}.Debug|Any CPU.Build.0 = Debug|Any CPU
		{6CA1DE01-C23C-4E7A-A907-C4213E063E4B}.Release|Any CPU.ActiveCfg = Release|Any CPU
		{6CA1DE01-C23C-4E7A-A907-C4213E063E4B}.Release|Any CPU.Build.0 = Release|Any CPU
	EndGlobalSection
	GlobalSection(SolutionProperties) = preSolution
		HideSolutionNode = FALSE
	EndGlobalSection
	GlobalSection(ExtensibilityGlobals) = postSolution
		SolutionGuid = {E424B885-53FA-4991-86CC-0D4A9301ED0C}
	EndGlobalSection
EndGlobal
