
Microsoft Visual Studio Solution File, Format Version 12.00
# Visual Studio Version 16
VisualStudioVersion = 16.0.30309.148
MinimumVisualStudioVersion = 10.0.40219.1
Project("{FAE04EC0-301F-11D3-BF4B-00C04F79EFBC}") = "跑馬燈練習", "跑馬燈練習\跑馬燈練習.csproj", "{E01294AE-B106-4F31-87D2-E45037C4063D}"
EndProject
Global
	GlobalSection(SolutionConfigurationPlatforms) = preSolution
		Debug|Any CPU = Debug|Any CPU
		Release|Any CPU = Release|Any CPU
	EndGlobalSection
	GlobalSection(ProjectConfigurationPlatforms) = postSolution
		{E01294AE-B106-4F31-87D2-E45037C4063D}.Debug|Any CPU.ActiveCfg = Debug|Any CPU
		{E01294AE-B106-4F31-87D2-E45037C4063D}.Debug|Any CPU.Build.0 = Debug|Any CPU
		{E01294AE-B106-4F31-87D2-E45037C4063D}.Release|Any CPU.ActiveCfg = Release|Any CPU
		{E01294AE-B106-4F31-87D2-E45037C4063D}.Release|Any CPU.Build.0 = Release|Any CPU
	EndGlobalSection
	GlobalSection(SolutionProperties) = preSolution
		HideSolutionNode = FALSE
	EndGlobalSection
	GlobalSection(ExtensibilityGlobals) = postSolution
		SolutionGuid = {42A3A674-31D1-4994-AA5E-CF0DA0578B7A}
	EndGlobalSection
EndGlobal
