
Microsoft Visual Studio Solution File, Format Version 12.00
# Visual Studio Version 16
VisualStudioVersion = 16.0.30309.148
MinimumVisualStudioVersion = 10.0.40219.1
Project("{FAE04EC0-301F-11D3-BF4B-00C04F79EFBC}") = "PictureBox練習", "PictureBox練習\PictureBox練習.csproj", "{EADED395-4562-40E3-ABDC-B0C1D7BABF81}"
EndProject
Global
	GlobalSection(SolutionConfigurationPlatforms) = preSolution
		Debug|Any CPU = Debug|Any CPU
		Release|Any CPU = Release|Any CPU
	EndGlobalSection
	GlobalSection(ProjectConfigurationPlatforms) = postSolution
		{EADED395-4562-40E3-ABDC-B0C1D7BABF81}.Debug|Any CPU.ActiveCfg = Debug|Any CPU
		{EADED395-4562-40E3-ABDC-B0C1D7BABF81}.Debug|Any CPU.Build.0 = Debug|Any CPU
		{EADED395-4562-40E3-ABDC-B0C1D7BABF81}.Release|Any CPU.ActiveCfg = Release|Any CPU
		{EADED395-4562-40E3-ABDC-B0C1D7BABF81}.Release|Any CPU.Build.0 = Release|Any CPU
	EndGlobalSection
	GlobalSection(SolutionProperties) = preSolution
		HideSolutionNode = FALSE
	EndGlobalSection
	GlobalSection(ExtensibilityGlobals) = postSolution
		SolutionGuid = {E9A1D739-D7B5-4CCF-AE60-C45D132EA8D7}
	EndGlobalSection
EndGlobal
