
Microsoft Visual Studio Solution File, Format Version 12.00
# Visual Studio Version 16
VisualStudioVersion = 16.0.30309.148
MinimumVisualStudioVersion = 10.0.40219.1
Project("{FAE04EC0-301F-11D3-BF4B-00C04F79EFBC}") = "字體和顏色對話框", "字體和顏色對話框\字體和顏色對話框.csproj", "{A2C77D61-2286-4B13-A318-3DA43D947850}"
EndProject
Global
	GlobalSection(SolutionConfigurationPlatforms) = preSolution
		Debug|Any CPU = Debug|Any CPU
		Release|Any CPU = Release|Any CPU
	EndGlobalSection
	GlobalSection(ProjectConfigurationPlatforms) = postSolution
		{A2C77D61-2286-4B13-A318-3DA43D947850}.Debug|Any CPU.ActiveCfg = Debug|Any CPU
		{A2C77D61-2286-4B13-A318-3DA43D947850}.Debug|Any CPU.Build.0 = Debug|Any CPU
		{A2C77D61-2286-4B13-A318-3DA43D947850}.Release|Any CPU.ActiveCfg = Release|Any CPU
		{A2C77D61-2286-4B13-A318-3DA43D947850}.Release|Any CPU.Build.0 = Release|Any CPU
	EndGlobalSection
	GlobalSection(SolutionProperties) = preSolution
		HideSolutionNode = FALSE
	EndGlobalSection
	GlobalSection(ExtensibilityGlobals) = postSolution
		SolutionGuid = {05AE534C-09C8-4498-81C6-B9C5DA8D88E4}
	EndGlobalSection
EndGlobal
